
Microsoft Visual Studio Solution File, Format Version 12.00
# Visual Studio Version 17
VisualStudioVersion = 17.10.35013.160
MinimumVisualStudioVersion = 10.0.40219.1
Project("{9A19103F-16F7-4668-BE54-9A1E7A4F7556}") = "100files", "100files\100files.csproj", "{0471E718-BC0B-4C93-81C8-DC1F529C0946}"
EndProject
Project("{FAE04EC0-301F-11D3-BF4B-00C04F79EFBC}") = "ExcelProcessing", "ExcelProcessing\ExcelProcessing.csproj", "{78CE2BD5-DE1F-47C7-8BDA-710B5B84CAB6}"
EndProject
Global
	GlobalSection(SolutionConfigurationPlatforms) = preSolution
		Debug|Any CPU = Debug|Any CPU
		Release|Any CPU = Release|Any CPU
	EndGlobalSection
	GlobalSection(ProjectConfigurationPlatforms) = postSolution
		{0471E718-BC0B-4C93-81C8-DC1F529C0946}.Debug|Any CPU.ActiveCfg = Debug|Any CPU
		{0471E718-BC0B-4C93-81C8-DC1F529C0946}.Debug|Any CPU.Build.0 = Debug|Any CPU
		{0471E718-BC0B-4C93-81C8-DC1F529C0946}.Release|Any CPU.ActiveCfg = Release|Any CPU
		{0471E718-BC0B-4C93-81C8-DC1F529C0946}.Release|Any CPU.Build.0 = Release|Any CPU
		{78CE2BD5-DE1F-47C7-8BDA-710B5B84CAB6}.Debug|Any CPU.ActiveCfg = Debug|Any CPU
		{78CE2BD5-DE1F-47C7-8BDA-710B5B84CAB6}.Debug|Any CPU.Build.0 = Debug|Any CPU
		{78CE2BD5-DE1F-47C7-8BDA-710B5B84CAB6}.Release|Any CPU.ActiveCfg = Release|Any CPU
		{78CE2BD5-DE1F-47C7-8BDA-710B5B84CAB6}.Release|Any CPU.Build.0 = Release|Any CPU
	EndGlobalSection
	GlobalSection(SolutionProperties) = preSolution
		HideSolutionNode = FALSE
	EndGlobalSection
	GlobalSection(ExtensibilityGlobals) = postSolution
		SolutionGuid = {3B932828-877F-4EE3-8153-84AE781AD064}
	EndGlobalSection
EndGlobal
